
Microsoft Visual Studio Solution File, Format Version 12.00
# Visual Studio Version 17
VisualStudioVersion = 17.5.002.0
MinimumVisualStudioVersion = 10.0.40219.1
Project("{9A19103F-16F7-4668-BE54-9A1E7A4F7556}") = "Any-30-07", "Any-30-07\Any-30-07.csproj", "{7BE0044B-FA60-44C6-A682-235E326C0A78}"
EndProject
Global
	GlobalSection(SolutionConfigurationPlatforms) = preSolution
		Debug|Any CPU = Debug|Any CPU
		Release|Any CPU = Release|Any CPU
	EndGlobalSection
	GlobalSection(ProjectConfigurationPlatforms) = postSolution
		{7BE0044B-FA60-44C6-A682-235E326C0A78}.Debug|Any CPU.ActiveCfg = Debug|Any CPU
		{7BE0044B-FA60-44C6-A682-235E326C0A78}.Debug|Any CPU.Build.0 = Debug|Any CPU
		{7BE0044B-FA60-44C6-A682-235E326C0A78}.Release|Any CPU.ActiveCfg = Release|Any CPU
		{7BE0044B-FA60-44C6-A682-235E326C0A78}.Release|Any CPU.Build.0 = Release|Any CPU
	EndGlobalSection
	GlobalSection(SolutionProperties) = preSolution
		HideSolutionNode = FALSE
	EndGlobalSection
	GlobalSection(ExtensibilityGlobals) = postSolution
		SolutionGuid = {D1433F23-C607-47D0-8DA3-D7339302072D}
	EndGlobalSection
EndGlobal
